lockfileVersion: '9.0'

settings:
  autoInstallPeers: true
  excludeLinksFromLockfile: false

importers:

  .:
    dependencies:
      xterm-theme:
        specifier: ^1.1.0
        version: 1.1.0

packages:

  xterm-theme@1.1.0:
    resolution: {integrity: sha512-n2GocBEbqcz4vEl4OYkU93hEVia8GWdnqchiz/0nQ/olRUyhulGf4wfha23x/D2m0imWaIavRZtt8c6kWZXdsA==}

snapshots:

  xterm-theme@1.1.0: {}
